// !$*UTF8*$!
{
	archiveVersion = 1;
	classes = {
	};
	objectVersion = 46;
	objects = {

/* Begin PBXBuildFile section */
		743ACF791BF6EA0D00B59448 /* AppDelegate.swift in Sources */ = {isa = PBXBuildFile; fileRef = 743ACF781BF6EA0D00B59448 /* AppDelegate.swift */; };
		743ACF7B1BF6EA0D00B59448 /* ViewController.swift in Sources */ = {isa = PBXBuildFile; fileRef = 743ACF7A1BF6EA0D00B59448 /* ViewController.swift */; };
		743ACF7E1BF6EA0D00B59448 /* Main.storyboard in Resources */ = {isa = PBXBuildFile; fileRef = 743ACF7C1BF6EA0D00B59448 /* Main.storyboard */; };
		743ACF811BF6EA0D00B59448 /* AutoRap.xcdatamodeld in Sources */ = {isa = PBXBuildFile; fileRef = 743ACF7F1BF6EA0D00B59448 /* AutoRap.xcdatamodeld */; };
		743ACF831BF6EA0D00B59448 /* Assets.xcassets in Resources */ = {isa = PBXBuildFile; fileRef = 743ACF821BF6EA0D00B59448 /* Assets.xcassets */; };
		743ACF861BF6EA0D00B59448 /* LaunchScreen.storyboard in Resources */ = {isa = PBXBuildFile; fileRef = 743ACF841BF6EA0D00B59448 /* LaunchScreen.storyboard */; };
		743ACF911BF6EA0D00B59448 /* AutoRapTests.swift in Sources */ = {isa = PBXBuildFile; fileRef = 743ACF901BF6EA0D00B59448 /* AutoRapTests.swift */; };
		743ACF9C1BF6EA0D00B59448 /* AutoRapUITests.swift in Sources */ = {isa = PBXBuildFile; fileRef = 743ACF9B1BF6EA0D00B59448 /* AutoRapUITests.swift */; };
		743ACFAA1BF6F0FF00B59448 /* RapGenerator.swift in Sources */ = {isa = PBXBuildFile; fileRef = 743ACFA91BF6F0FF00B59448 /* RapGenerator.swift */; settings = {ASSET_TAGS = (); }; };
		743ACFAC1BF7017600B59448 /* AudioToolbox.framework in Frameworks */ = {isa = PBXBuildFile; fileRef = 743ACFAB1BF7017600B59448 /* AudioToolbox.framework */; };
		743ACFAE1BF7018100B59448 /* AVFoundation.framework in Frameworks */ = {isa = PBXBuildFile; fileRef = 743ACFAD1BF7018100B59448 /* AVFoundation.framework */; };
		743ACFB01BF701B700B59448 /* Framework in Resources */ = {isa = PBXBuildFile; fileRef = 743ACFAF1BF701B700B59448 /* Framework */; settings = {ASSET_TAGS = (); }; };
/* End PBXBuildFile section */

/* Begin PBXContainerItemProxy section */
		743ACF8D1BF6EA0D00B59448 /* PBXContainerItemProxy */ = {
			isa = PBXContainerItemProxy;
			containerPortal = 743ACF6D1BF6EA0D00B59448 /* Project object */;
			proxyType = 1;
			remoteGlobalIDString = 743ACF741BF6EA0D00B59448;
			remoteInfo = AutoRap;
		};
		743ACF981BF6EA0D00B59448 /* PBXContainerItemProxy */ = {
			isa = PBXContainerItemProxy;
			containerPortal = 743ACF6D1BF6EA0D00B59448 /* Project object */;
			proxyType = 1;
			remoteGlobalIDString = 743ACF741BF6EA0D00B59448;
			remoteInfo = AutoRap;
		};
/* End PBXContainerItemProxy section */

/* Begin PBXFileReference section */
		743ACF751BF6EA0D00B59448 /* AutoRap.app */ = {isa = PBXFileReference; explicitFileType = wrapper.application; includeInIndex = 0; path = AutoRap.app; sourceTree = BUILT_PRODUCTS_DIR; };
		743ACF781BF6EA0D00B59448 /* AppDelegate.swift */ = {isa = PBXFileReference; lastKnownFileType = sourcecode.swift; path = AppDelegate.swift; sourceTree = "<group>"; };
		743ACF7A1BF6EA0D00B59448 /* ViewController.swift */ = {isa = PBXFileReference; lastKnownFileType = sourcecode.swift; path = ViewController.swift; sourceTree = "<group>"; };
		743ACF7D1BF6EA0D00B59448 /* Base */ = {isa = PBXFileReference; lastKnownFileType = file.storyboard; name = Base; path = Base.lproj/Main.storyboard; sourceTree = "<group>"; };
		743ACF801BF6EA0D00B59448 /* AutoRap.xcdatamodel */ = {isa = PBXFileReference; lastKnownFileType = wrapper.xcdatamodel; path = AutoRap.xcdatamodel; sourceTree = "<group>"; };
		743ACF821BF6EA0D00B59448 /* Assets.xcassets */ = {isa = PBXFileReference; lastKnownFileType = folder.assetcatalog; path = Assets.xcassets; sourceTree = "<group>"; };
		743ACF851BF6EA0D00B59448 /* Base */ = {isa = PBXFileReference; lastKnownFileType = file.storyboard; name = Base; path = Base.lproj/LaunchScreen.storyboard; sourceTree = "<group>"; };
		743ACF871BF6EA0D00B59448 /* Info.plist */ = {isa = PBXFileReference; lastKnownFileType = text.plist.xml; path = Info.plist; sourceTree = "<group>"; };
		743ACF8C1BF6EA0D00B59448 /* AutoRapTests.xctest */ = {isa = PBXFileReference; explicitFileType = wrapper.cfbundle; includeInIndex = 0; path = AutoRapTests.xctest; sourceTree = BUILT_PRODUCTS_DIR; };
		743ACF901BF6EA0D00B59448 /* AutoRapTests.swift */ = {isa = PBXFileReference; lastKnownFileType = sourcecode.swift; path = AutoRapTests.swift; sourceTree = "<group>"; };
		743ACF921BF6EA0D00B59448 /* Info.plist */ = {isa = PBXFileReference; lastKnownFileType = text.plist.xml; path = Info.plist; sourceTree = "<group>"; };
		743ACF971BF6EA0D00B59448 /* AutoRapUITests.xctest */ = {isa = PBXFileReference; explicitFileType = wrapper.cfbundle; includeInIndex = 0; path = AutoRapUITests.xctest; sourceTree = BUILT_PRODUCTS_DIR; };
		743ACF9B1BF6EA0D00B59448 /* AutoRapUITests.swift */ = {isa = PBXFileReference; lastKnownFileType = sourcecode.swift; path = AutoRapUITests.swift; sourceTree = "<group>"; };
		743ACF9D1BF6EA0D00B59448 /* Info.plist */ = {isa = PBXFileReference; lastKnownFileType = text.plist.xml; path = Info.plist; sourceTree = "<group>"; };
		743ACFA91BF6F0FF00B59448 /* RapGenerator.swift */ = {isa = PBXFileReference; fileEncoding = 4; lastKnownFileType = sourcecode.swift; path = RapGenerator.swift; sourceTree = "<group>"; };
		743ACFAB1BF7017600B59448 /* AudioToolbox.framework */ = {isa = PBXFileReference; lastKnownFileType = wrapper.framework; name = AudioToolbox.framework; path = System/Library/Frameworks/AudioToolbox.framework; sourceTree = SDKROOT; };
		743ACFAD1BF7018100B59448 /* AVFoundation.framework */ = {isa = PBXFileReference; lastKnownFileType = wrapper.framework; name = AVFoundation.framework; path = System/Library/Frameworks/AVFoundation.framework; sourceTree = SDKROOT; };
		743ACFAF1BF701B700B59448 /* Framework */ = {isa = PBXFileReference; lastKnownFileType = folder; path = Framework; sourceTree = "<group>"; };
/* End PBXFileReference section */

/* Begin PBXFrameworksBuildPhase section */
		743ACF721BF6EA0D00B59448 /* Frameworks */ = {
			isa = PBXFrameworksBuildPhase;
			buildActionMask = 2147483647;
			files = (
				743ACFAE1BF7018100B59448 /* AVFoundation.framework in Frameworks */,
				743ACFAC1BF7017600B59448 /* AudioToolbox.framework in Frameworks */,
			);
			runOnlyForDeploymentPostprocessing = 0;
		};
		743ACF891BF6EA0D00B59448 /* Frameworks */ = {
			isa = PBXFrameworksBuildPhase;
			buildActionMask = 2147483647;
			files = (
			);
			runOnlyForDeploymentPostprocessing = 0;
		};
		743ACF941BF6EA0D00B59448 /* Frameworks */ = {
			isa = PBXFrameworksBuildPhase;
			buildActionMask = 2147483647;
			files = (
			);
			runOnlyForDeploymentPostprocessing = 0;
		};
/* End PBXFrameworksBuildPhase section */

/* Begin PBXGroup section */
		743ACF6C1BF6EA0D00B59448 = {
			isa = PBXGroup;
			children = (
				743ACF771BF6EA0D00B59448 /* AutoRap */,
				743ACFAD1BF7018100B59448 /* AVFoundation.framework */,
				743ACFAB1BF7017600B59448 /* AudioToolbox.framework */,
				743ACF8F1BF6EA0D00B59448 /* AutoRapTests */,
				743ACF9A1BF6EA0D00B59448 /* AutoRapUITests */,
				743ACF761BF6EA0D00B59448 /* Products */,
			);
			sourceTree = "<group>";
		};
		743ACF761BF6EA0D00B59448 /* Products */ = {
			isa = PBXGroup;
			children = (
				743ACF751BF6EA0D00B59448 /* AutoRap.app */,
				743ACF8C1BF6EA0D00B59448 /* AutoRapTests.xctest */,
				743ACF971BF6EA0D00B59448 /* AutoRapUITests.xctest */,
			);
			name = Products;
			sourceTree = "<group>";
		};
		743ACF771BF6EA0D00B59448 /* AutoRap */ = {
			isa = PBXGroup;
			children = (
				743ACF781BF6EA0D00B59448 /* AppDelegate.swift */,
				743ACF7A1BF6EA0D00B59448 /* ViewController.swift */,
				743ACF7C1BF6EA0D00B59448 /* Main.storyboard */,
				743ACFA91BF6F0FF00B59448 /* RapGenerator.swift */,
				743ACF821BF6EA0D00B59448 /* Assets.xcassets */,
				743ACF841BF6EA0D00B59448 /* LaunchScreen.storyboard */,
				743ACF871BF6EA0D00B59448 /* Info.plist */,
				743ACF7F1BF6EA0D00B59448 /* AutoRap.xcdatamodeld */,
				743ACFAF1BF701B700B59448 /* Framework */,
			);
			path = AutoRap;
			sourceTree = "<group>";
		};
		743ACF8F1BF6EA0D00B59448 /* AutoRapTests */ = {
			isa = PBXGroup;
			children = (
				743ACF901BF6EA0D00B59448 /* AutoRapTests.swift */,
				743ACF921BF6EA0D00B59448 /* Info.plist */,
			);
			path = AutoRapTests;
			sourceTree = "<group>";
		};
		743ACF9A1BF6EA0D00B59448 /* AutoRapUITests */ = {
			isa = PBXGroup;
			children = (
				743ACF9B1BF6EA0D00B59448 /* AutoRapUITests.swift */,
				743ACF9D1BF6EA0D00B59448 /* Info.plist */,
			);
			path = AutoRapUITests;
			sourceTree = "<group>";
		};
/* End PBXGroup section */

/* Begin PBXNativeTarget section */
		743ACF741BF6EA0D00B59448 /* AutoRap */ = {
			isa = PBXNativeTarget;
			buildConfigurationList = 743ACFA01BF6EA0D00B59448 /* Build configuration list for PBXNativeTarget "AutoRap" */;
			buildPhases = (
				743ACF711BF6EA0D00B59448 /* Sources */,
				743ACF721BF6EA0D00B59448 /* Frameworks */,
				743ACF731BF6EA0D00B59448 /* Resources */,
			);
			buildRules = (
			);
			dependencies = (
			);
			name = AutoRap;
			productName = AutoRap;
			productReference = 743ACF751BF6EA0D00B59448 /* AutoRap.app */;
			productType = "com.apple.product-type.application";
		};
		743ACF8B1BF6EA0D00B59448 /* AutoRapTests */ = {
			isa = PBXNativeTarget;
			buildConfigurationList = 743ACFA31BF6EA0D00B59448 /* Build configuration list for PBXNativeTarget "AutoRapTests" */;
			buildPhases = (
				743ACF881BF6EA0D00B59448 /* Sources */,
				743ACF891BF6EA0D00B59448 /* Frameworks */,
				743ACF8A1BF6EA0D00B59448 /* Resources */,
			);
			buildRules = (
			);
			dependencies = (
				743ACF8E1BF6EA0D00B59448 /* PBXTargetDependency */,
			);
			name = AutoRapTests;
			productName = AutoRapTests;
			productReference = 743ACF8C1BF6EA0D00B59448 /* AutoRapTests.xctest */;
			productType = "com.apple.product-type.bundle.unit-test";
		};
		743ACF961BF6EA0D00B59448 /* AutoRapUITests */ = {
			isa = PBXNativeTarget;
			buildConfigurationList = 743ACFA61BF6EA0D00B59448 /* Build configuration list for PBXNativeTarget "AutoRapUITests" */;
			buildPhases = (
				743ACF931BF6EA0D00B59448 /* Sources */,
				743ACF941BF6EA0D00B59448 /* Frameworks */,
				743ACF951BF6EA0D00B59448 /* Resources */,
			);
			buildRules = (
			);
			dependencies = (
				743ACF991BF6EA0D00B59448 /* PBXTargetDependency */,
			);
			name = AutoRapUITests;
			productName = AutoRapUITests;
			productReference = 743ACF971BF6EA0D00B59448 /* AutoRapUITests.xctest */;
			productType = "com.apple.product-type.bundle.ui-testing";
		};
/* End PBXNativeTarget section */

/* Begin PBXProject section */
		743ACF6D1BF6EA0D00B59448 /* Project object */ = {
			isa = PBXProject;
			attributes = {
				LastUpgradeCheck = 0700;
				ORGANIZATIONNAME = Cameric;
				TargetAttributes = {
					743ACF741BF6EA0D00B59448 = {
						CreatedOnToolsVersion = 7.0;
					};
					743ACF8B1BF6EA0D00B59448 = {
						CreatedOnToolsVersion = 7.0;
						TestTargetID = 743ACF741BF6EA0D00B59448;
					};
					743ACF961BF6EA0D00B59448 = {
						CreatedOnToolsVersion = 7.0;
						TestTargetID = 743ACF741BF6EA0D00B59448;
					};
				};
			};
			buildConfigurationList = 743ACF701BF6EA0D00B59448 /* Build configuration list for PBXProject "AutoRap" */;
			compatibilityVersion = "Xcode 3.2";
			developmentRegion = English;
			hasScannedForEncodings = 0;
			knownRegions = (
				en,
				Base,
			);
			mainGroup = 743ACF6C1BF6EA0D00B59448;
			productRefGroup = 743ACF761BF6EA0D00B59448 /* Products */;
			projectDirPath = "";
			projectRoot = "";
			targets = (
				743ACF741BF6EA0D00B59448 /* AutoRap */,
				743ACF8B1BF6EA0D00B59448 /* AutoRapTests */,
				743ACF961BF6EA0D00B59448 /* AutoRapUITests */,
			);
		};
/* End PBXProject section */

/* Begin PBXResourcesBuildPhase section */
		743ACF731BF6EA0D00B59448 /* Resources */ = {
			isa = PBXResourcesBuildPhase;
			buildActionMask = 2147483647;
			files = (
				743ACF861BF6EA0D00B59448 /* LaunchScreen.storyboard in Resources */,
				743ACF831BF6EA0D00B59448 /* Assets.xcassets in Resources */,
				743ACF7E1BF6EA0D00B59448 /* Main.storyboard in Resources */,
				743ACFB01BF701B700B59448 /* Framework in Resources */,
			);
			runOnlyForDeploymentPostprocessing = 0;
		};
		743ACF8A1BF6EA0D00B59448 /* Resources */ = {
			isa = PBXResourcesBuildPhase;
			buildActionMask = 2147483647;
			files = (
			);
			runOnlyForDeploymentPostprocessing = 0;
		};
		743ACF951BF6EA0D00B59448 /* Resources */ = {
			isa = PBXResourcesBuildPhase;
			buildActionMask = 2147483647;
			files = (
			);
			runOnlyForDeploymentPostprocessing = 0;
		};
/* End PBXResourcesBuildPhase section */

/* Begin PBXSourcesBuildPhase section */
		743ACF711BF6EA0D00B59448 /* Sources */ = {
			isa = PBXSourcesBuildPhase;
			buildActionMask = 2147483647;
			files = (
				743ACF7B1BF6EA0D00B59448 /* ViewController.swift in Sources */,
				743ACF791BF6EA0D00B59448 /* AppDelegate.swift in Sources */,
				743ACF811BF6EA0D00B59448 /* AutoRap.xcdatamodeld in Sources */,
				743ACFAA1BF6F0FF00B59448 /* RapGenerator.swift in Sources */,
			);
			runOnlyForDeploymentPostprocessing = 0;
		};
		743ACF881BF6EA0D00B59448 /* Sources */ = {
			isa = PBXSourcesBuildPhase;
			buildActionMask = 2147483647;
			files = (
				743ACF911BF6EA0D00B59448 /* AutoRapTests.swift in Sources */,
			);
			runOnlyForDeploymentPostprocessing = 0;
		};
		743ACF931BF6EA0D00B59448 /* Sources */ = {
			isa = PBXSourcesBuildPhase;
			buildActionMask = 2147483647;
			files = (
				743ACF9C1BF6EA0D00B59448 /* AutoRapUITests.swift in Sources */,
			);
			runOnlyForDeploymentPostprocessing = 0;
		};
/* End PBXSourcesBuildPhase section */

/* Begin PBXTargetDependency section */
		743ACF8E1BF6EA0D00B59448 /* PBXTargetDependency */ = {
			isa = PBXTargetDependency;
			target = 743ACF741BF6EA0D00B59448 /* AutoRap */;
			targetProxy = 743ACF8D1BF6EA0D00B59448 /* PBXContainerItemProxy */;
		};
		743ACF991BF6EA0D00B59448 /* PBXTargetDependency */ = {
			isa = PBXTargetDependency;
			target = 743ACF741BF6EA0D00B59448 /* AutoRap */;
			targetProxy = 743ACF981BF6EA0D00B59448 /* PBXContainerItemProxy */;
		};
/* End PBXTargetDependency section */

/* Begin PBXVariantGroup section */
		743ACF7C1BF6EA0D00B59448 /* Main.storyboard */ = {
			isa = PBXVariantGroup;
			children = (
				743ACF7D1BF6EA0D00B59448 /* Base */,
			);
			name = Main.storyboard;
			sourceTree = "<group>";
		};
		743ACF841BF6EA0D00B59448 /* LaunchScreen.storyboard */ = {
			isa = PBXVariantGroup;
			children = (
				743ACF851BF6EA0D00B59448 /* Base */,
			);
			name = LaunchScreen.storyboard;
			sourceTree = "<group>";
		};
/* End PBXVariantGroup section */

/* Begin XCBuildConfiguration section */
		743ACF9E1BF6EA0D00B59448 /* Debug */ = {
			isa = XCBuildConfiguration;
			buildSettings = {
				ALWAYS_SEARCH_USER_PATHS = NO;
				CLANG_CXX_LANGUAGE_STANDARD = "gnu++0x";
				CLANG_CXX_LIBRARY = "libc++";
				CLANG_ENABLE_MODULES = YES;
				CLANG_ENABLE_OBJC_ARC = YES;
				CLANG_WARN_BOOL_CONVERSION = YES;
				CLANG_WARN_CONSTANT_CONVERSION = YES;
				CLANG_WARN_DIRECT_OBJC_ISA_USAGE = YES_ERROR;
				CLANG_WARN_EMPTY_BODY = YES;
				CLANG_WARN_ENUM_CONVERSION = YES;
				CLANG_WARN_INT_CONVERSION = YES;
				CLANG_WARN_OBJC_ROOT_CLASS = YES_ERROR;
				CLANG_WARN_UNREACHABLE_CODE = YES;
				CLANG_WARN__DUPLICATE_METHOD_MATCH = YES;
				"CODE_SIGN_IDENTITY[sdk=iphoneos*]" = "iPhone Developer";
				COPY_PHASE_STRIP = NO;
				DEBUG_INFORMATION_FORMAT = dwarf;
				ENABLE_STRICT_OBJC_MSGSEND = YES;
				ENABLE_TESTABILITY = YES;
				GCC_C_LANGUAGE_STANDARD = gnu99;
				GCC_DYNAMIC_NO_PIC = NO;
				GCC_NO_COMMON_BLOCKS = YES;
				GCC_OPTIMIZATION_LEVEL = 0;
				GCC_PREPROCESSOR_DEFINITIONS = (
					"DEBUG=1",
					"$(inherited)",
				);
				GCC_WARN_64_TO_32_BIT_CONVERSION = YES;
				GCC_WARN_ABOUT_RETURN_TYPE = YES_ERROR;
				GCC_WARN_UNDECLARED_SELECTOR = YES;
				GCC_WARN_UNINITIALIZED_AUTOS = YES_AGGRESSIVE;
				GCC_WARN_UNUSED_FUNCTION = YES;
				GCC_WARN_UNUSED_VARIABLE = YES;
				IPHONEOS_DEPLOYMENT_TARGET = 9.0;
				MTL_ENABLE_DEBUG_INFO = YES;
				ONLY_ACTIVE_ARCH = YES;
				SDKROOT = iphoneos;
				SWIFT_OPTIMIZATION_LEVEL = "-Onone";
				TARGETED_DEVICE_FAMILY = "1,2";
			};
			name = Debug;
		};
		743ACF9F1BF6EA0D00B59448 /* Release */ = {
			isa = XCBuildConfiguration;
			buildSettings = {
				ALWAYS_SEARCH_USER_PATHS = NO;
				CLANG_CXX_LANGUAGE_STANDARD = "gnu++0x";
				CLANG_CXX_LIBRARY = "libc++";
				CLANG_ENABLE_MODULES = YES;
				CLANG_ENABLE_OBJC_ARC = YES;
				CLANG_WARN_BOOL_CONVERSION = YES;
				CLANG_WARN_CONSTANT_CONVERSION = YES;
				CLANG_WARN_DIRECT_OBJC_ISA_USAGE = YES_ERROR;
				CLANG_WARN_EMPTY_BODY = YES;
				CLANG_WARN_ENUM_CONVERSION = YES;
				CLANG_WARN_INT_CONVERSION = YES;
				CLANG_WARN_OBJC_ROOT_CLASS = YES_ERROR;
				CLANG_WARN_UNREACHABLE_CODE = YES;
				CLANG_WARN__DUPLICATE_METHOD_MATCH = YES;
				"CODE_SIGN_IDENTITY[sdk=iphoneos*]" = "iPhone Developer";
				COPY_PHASE_STRIP = NO;
				DEBUG_INFORMATION_FORMAT = "dwarf-with-dsym";
				ENABLE_NS_ASSERTIONS = NO;
				ENABLE_STRICT_OBJC_MSGSEND = YES;
				GCC_C_LANGUAGE_STANDARD = gnu99;
				GCC_NO_COMMON_BLOCKS = YES;
				GCC_WARN_64_TO_32_BIT_CONVERSION = YES;
				GCC_WARN_ABOUT_RETURN_TYPE = YES_ERROR;
				GCC_WARN_UNDECLARED_SELECTOR = YES;
				GCC_WARN_UNINITIALIZED_AUTOS = YES_AGGRESSIVE;
				GCC_WARN_UNUSED_FUNCTION = YES;
				GCC_WARN_UNUSED_VARIABLE = YES;
				IPHONEOS_DEPLOYMENT_TARGET = 9.0;
				MTL_ENABLE_DEBUG_INFO = NO;
				SDKROOT = iphoneos;
				TARGETED_DEVICE_FAMILY = "1,2";
				VALIDATE_PRODUCT = YES;
			};
			name = Release;
		};
		743ACFA11BF6EA0D00B59448 /* Debug */ = {
			isa = XCBuildConfiguration;
			buildSettings = {
				ASSETCATALOG_COMPILER_APPICON_NAME = AppIcon;
				INFOPLIST_FILE = AutoRap/Info.plist;
				LD_RUNPATH_SEARCH_PATHS = "$(inherited) @executable_path/Frameworks";
				PRODUCT_BUNDLE_IDENTIFIER = com.Cameric.AutoRap;
				PRODUCT_NAME = "$(TARGET_NAME)";
			};
			name = Debug;
		};
		743ACFA21BF6EA0D00B59448 /* Release */ = {
			isa = XCBuildConfiguration;
			buildSettings = {
				ASSETCATALOG_COMPILER_APPICON_NAME = AppIcon;
				INFOPLIST_FILE = AutoRap/Info.plist;
				LD_RUNPATH_SEARCH_PATHS = "$(inherited) @executable_path/Frameworks";
				PRODUCT_BUNDLE_IDENTIFIER = com.Cameric.AutoRap;
				PRODUCT_NAME = "$(TARGET_NAME)";
			};
			name = Release;
		};
		743ACFA41BF6EA0D00B59448 /* Debug */ = {
			isa = XCBuildConfiguration;
			buildSettings = {
				BUNDLE_LOADER = "$(TEST_HOST)";
				INFOPLIST_FILE = AutoRapTests/Info.plist;
				LD_RUNPATH_SEARCH_PATHS = "$(inherited) @executable_path/Frameworks @loader_path/Frameworks";
				PRODUCT_BUNDLE_IDENTIFIER = com.Cameric.AutoRapTests;
				PRODUCT_NAME = "$(TARGET_NAME)";
				TEST_HOST = "$(BUILT_PRODUCTS_DIR)/AutoRap.app/AutoRap";
			};
			name = Debug;
		};
		743ACFA51BF6EA0D00B59448 /* Release */ = {
			isa = XCBuildConfiguration;
			buildSettings = {
				BUNDLE_LOADER = "$(TEST_HOST)";
				INFOPLIST_FILE = AutoRapTests/Info.plist;
				LD_RUNPATH_SEARCH_PATHS = "$(inherited) @executable_path/Frameworks @loader_path/Frameworks";
				PRODUCT_BUNDLE_IDENTIFIER = com.Cameric.AutoRapTests;
				PRODUCT_NAME = "$(TARGET_NAME)";
				TEST_HOST = "$(BUILT_PRODUCTS_DIR)/AutoRap.app/AutoRap";
			};
			name = Release;
		};
		743ACFA71BF6EA0D00B59448 /* Debug */ = {
			isa = XCBuildConfiguration;
			buildSettings = {
				INFOPLIST_FILE = AutoRapUITests/Info.plist;
				LD_RUNPATH_SEARCH_PATHS = "$(inherited) @executable_path/Frameworks @loader_path/Frameworks";
				PRODUCT_BUNDLE_IDENTIFIER = com.Cameric.AutoRapUITests;
				PRODUCT_NAME = "$(TARGET_NAME)";
				TEST_TARGET_NAME = AutoRap;
				USES_XCTRUNNER = YES;
			};
			name = Debug;
		};
		743ACFA81BF6EA0D00B59448 /* Release */ = {
			isa = XCBuildConfiguration;
			buildSettings = {
				INFOPLIST_FILE = AutoRapUITests/Info.plist;
				LD_RUNPATH_SEARCH_PATHS = "$(inherited) @executable_path/Frameworks @loader_path/Frameworks";
				PRODUCT_BUNDLE_IDENTIFIER = com.Cameric.AutoRapUITests;
				PRODUCT_NAME = "$(TARGET_NAME)";
				TEST_TARGET_NAME = AutoRap;
				USES_XCTRUNNER = YES;
			};
			name = Release;
		};
/* End XCBuildConfiguration section */

/* Begin XCConfigurationList section */
		743ACF701BF6EA0D00B59448 /* Build configuration list for PBXProject "AutoRap" */ = {
			isa = XCConfigurationList;
			buildConfigurations = (
				743ACF9E1BF6EA0D00B59448 /* Debug */,
				743ACF9F1BF6EA0D00B59448 /* Release */,
			);
			defaultConfigurationIsVisible = 0;
			defaultConfigurationName = Release;
		};
		743ACFA01BF6EA0D00B59448 /* Build configuration list for PBXNativeTarget "AutoRap" */ = {
			isa = XCConfigurationList;
			buildConfigurations = (
				743ACFA11BF6EA0D00B59448 /* Debug */,
				743ACFA21BF6EA0D00B59448 /* Release */,
			);
			defaultConfigurationIsVisible = 0;
			defaultConfigurationName = Release;
		};
		743ACFA31BF6EA0D00B59448 /* Build configuration list for PBXNativeTarget "AutoRapTests" */ = {
			isa = XCConfigurationList;
			buildConfigurations = (
				743ACFA41BF6EA0D00B59448 /* Debug */,
				743ACFA51BF6EA0D00B59448 /* Release */,
			);
			defaultConfigurationIsVisible = 0;
			defaultConfigurationName = Release;
		};
		743ACFA61BF6EA0D00B59448 /* Build configuration list for PBXNativeTarget "AutoRapUITests" */ = {
			isa = XCConfigurationList;
			buildConfigurations = (
				743ACFA71BF6EA0D00B59448 /* Debug */,
				743ACFA81BF6EA0D00B59448 /* Release */,
			);
			defaultConfigurationIsVisible = 0;
			defaultConfigurationName = Release;
		};
/* End XCConfigurationList section */

/* Begin XCVersionGroup section */
		743ACF7F1BF6EA0D00B59448 /* AutoRap.xcdatamodeld */ = {
			isa = XCVersionGroup;
			children = (
				743ACF801BF6EA0D00B59448 /* AutoRap.xcdatamodel */,
			);
			currentVersion = 743ACF801BF6EA0D00B59448 /* AutoRap.xcdatamodel */;
			path = AutoRap.xcdatamodeld;
			sourceTree = "<group>";
			versionGroupType = wrapper.xcdatamodel;
		};
/* End XCVersionGroup section */
	};
	rootObject = 743ACF6D1BF6EA0D00B59448 /* Project object */;
}
